// !$*UTF8*$!
{
	archiveVersion = 1;
	classes = {
	};
	objectVersion = 51;
	objects = {

/* Begin PBXBuildFile section */
		419D2FCAE0BA43AA35AB823F /* Pods_weatherAppTests.framework in Frameworks */ = {isa = PBXBuildFile; fileRef = 6C2DF51E49E74B3A75753AA7 /* Pods_weatherAppTests.framework */; };
		44FDAB6EF9F5039478CE34B0 /* Pods_weatherApp.framework in Frameworks */ = {isa = PBXBuildFile; fileRef = C2A863F1CB9B32D587E9B6C5 /* Pods_weatherApp.framework */; };
		ED0699472247C0E7006974AD /* DetailLocationProtocols.swift in Sources */ = {isa = PBXBuildFile; fileRef = ED0699462247C0E7006974AD /* DetailLocationProtocols.swift */; };
		ED0699492247C0F3006974AD /* DetailLocationView.swift in Sources */ = {isa = PBXBuildFile; fileRef = ED0699482247C0F3006974AD /* DetailLocationView.swift */; };
		ED06994B2247C101006974AD /* DetailLocationPresenter.swift in Sources */ = {isa = PBXBuildFile; fileRef = ED06994A2247C101006974AD /* DetailLocationPresenter.swift */; };
		ED06994D2247C114006974AD /* DetailLocationInteractor.swift in Sources */ = {isa = PBXBuildFile; fileRef = ED06994C2247C114006974AD /* DetailLocationInteractor.swift */; };
		ED06994F2247C13F006974AD /* DetailLocationRouter.swift in Sources */ = {isa = PBXBuildFile; fileRef = ED06994E2247C13F006974AD /* DetailLocationRouter.swift */; };
		ED0699512247C14D006974AD /* DetailLocationConfigurator.swift in Sources */ = {isa = PBXBuildFile; fileRef = ED0699502247C14D006974AD /* DetailLocationConfigurator.swift */; };
		ED1201032240415F003453C6 /* AlertExtension.swift in Sources */ = {isa = PBXBuildFile; fileRef = ED1201022240415F003453C6 /* AlertExtension.swift */; };
		ED1873BC2240D9D500C31A97 /* LocationService.swift in Sources */ = {isa = PBXBuildFile; fileRef = ED1873BB2240D9D500C31A97 /* LocationService.swift */; };
		ED1AD17A22413396007A2F37 /* AlamofireWrapper.swift in Sources */ = {isa = PBXBuildFile; fileRef = ED1AD17922413396007A2F37 /* AlamofireWrapper.swift */; };
		ED1AD17C2241438F007A2F37 /* RequestBuilder.swift in Sources */ = {isa = PBXBuildFile; fileRef = ED1AD17B2241438F007A2F37 /* RequestBuilder.swift */; };
		ED1FEEAA22422526003C134D /* NetworkCompletion.swift in Sources */ = {isa = PBXBuildFile; fileRef = ED1FEEA922422526003C134D /* NetworkCompletion.swift */; };
		ED1FEEAC22422783003C134D /* ServerService.swift in Sources */ = {isa = PBXBuildFile; fileRef = ED1FEEAB22422783003C134D /* ServerService.swift */; };
		ED1FEEAE22422DA1003C134D /* Parsing.swift in Sources */ = {isa = PBXBuildFile; fileRef = ED1FEEAD22422DA1003C134D /* Parsing.swift */; };
		ED1FEEB0224263AE003C134D /* AppConstants.swift in Sources */ = {isa = PBXBuildFile; fileRef = ED1FEEAF224263AE003C134D /* AppConstants.swift */; };
		ED1FEEB222426536003C134D /* DoubleExtension.swift in Sources */ = {isa = PBXBuildFile; fileRef = ED1FEEB122426536003C134D /* DoubleExtension.swift */; };
		ED1FEEB422426B4A003C134D /* StringExtension.swift in Sources */ = {isa = PBXBuildFile; fileRef = ED1FEEB322426B4A003C134D /* StringExtension.swift */; };
		ED4969DA223BEB1F005B0B6B /* AppDelegate.swift in Sources */ = {isa = PBXBuildFile; fileRef = ED4969D9223BEB1F005B0B6B /* AppDelegate.swift */; };
		ED4969DF223BEB1F005B0B6B /* Main.storyboard in Resources */ = {isa = PBXBuildFile; fileRef = ED4969DD223BEB1F005B0B6B /* Main.storyboard */; };
		ED4969E2223BEB1F005B0B6B /* weatherApp.xcdatamodeld in Sources */ = {isa = PBXBuildFile; fileRef = ED4969E0223BEB1F005B0B6B /* weatherApp.xcdatamodeld */; };
		ED4969E4223BEB20005B0B6B /* Assets.xcassets in Resources */ = {isa = PBXBuildFile; fileRef = ED4969E3223BEB20005B0B6B /* Assets.xcassets */; };
		ED4969E7223BEB20005B0B6B /* LaunchScreen.storyboard in Resources */ = {isa = PBXBuildFile; fileRef = ED4969E5223BEB20005B0B6B /* LaunchScreen.storyboard */; };
		ED4969F2223BEB20005B0B6B /* weatherAppTests.swift in Sources */ = {isa = PBXBuildFile; fileRef = ED4969F1223BEB20005B0B6B /* weatherAppTests.swift */; };
		ED554D5222477EBA00E66817 /* TransitionHandlerExtension.swift in Sources */ = {isa = PBXBuildFile; fileRef = ED554D5122477EBA00E66817 /* TransitionHandlerExtension.swift */; };
		ED554D5422477F0900E66817 /* WeatherDetails.storyboard in Resources */ = {isa = PBXBuildFile; fileRef = ED554D5322477F0900E66817 /* WeatherDetails.storyboard */; };
		ED985634224394CE004B6759 /* DataManager.swift in Sources */ = {isa = PBXBuildFile; fileRef = ED985633224394CE004B6759 /* DataManager.swift */; };
		ED99FEB722440E2E0092E49A /* FavoriteLocationListProtocols.swift in Sources */ = {isa = PBXBuildFile; fileRef = ED99FEB622440E2E0092E49A /* FavoriteLocationListProtocols.swift */; };
		ED99FEB922440E430092E49A /* FavoriteLocationListView.swift in Sources */ = {isa = PBXBuildFile; fileRef = ED99FEB822440E430092E49A /* FavoriteLocationListView.swift */; };
		ED99FEBB22440E720092E49A /* FavoriteLocationListPresenter.swift in Sources */ = {isa = PBXBuildFile; fileRef = ED99FEBA22440E720092E49A /* FavoriteLocationListPresenter.swift */; };
		ED99FEBD22440E7E0092E49A /* FavoriteLocationListInteractor.swift in Sources */ = {isa = PBXBuildFile; fileRef = ED99FEBC22440E7E0092E49A /* FavoriteLocationListInteractor.swift */; };
		ED99FEBF22440E920092E49A /* FavoriteLocationListRouter.swift in Sources */ = {isa = PBXBuildFile; fileRef = ED99FEBE22440E920092E49A /* FavoriteLocationListRouter.swift */; };
		ED99FEC122440EA10092E49A /* FavoriteLocationListConfigurator.swift in Sources */ = {isa = PBXBuildFile; fileRef = ED99FEC022440EA10092E49A /* FavoriteLocationListConfigurator.swift */; };
		ED9ABB7D223F7B8700DA6B0C /* MapScreenProtocols.swift in Sources */ = {isa = PBXBuildFile; fileRef = ED9ABB7C223F7B8700DA6B0C /* MapScreenProtocols.swift */; };
		ED9ABB7F223F7B9D00DA6B0C /* MapScreenView.swift in Sources */ = {isa = PBXBuildFile; fileRef = ED9ABB7E223F7B9D00DA6B0C /* MapScreenView.swift */; };
		ED9ABB81223F7BAB00DA6B0C /* MapScreenPresenter.swift in Sources */ = {isa = PBXBuildFile; fileRef = ED9ABB80223F7BAB00DA6B0C /* MapScreenPresenter.swift */; };
		ED9ABB83223F7BBC00DA6B0C /* MapScreenInteractor.swift in Sources */ = {isa = PBXBuildFile; fileRef = ED9ABB82223F7BBC00DA6B0C /* MapScreenInteractor.swift */; };
		ED9ABB85223F7BCD00DA6B0C /* MapScreenRouter.swift in Sources */ = {isa = PBXBuildFile; fileRef = ED9ABB84223F7BCD00DA6B0C /* MapScreenRouter.swift */; };
		ED9ABB87223F7BE400DA6B0C /* MapScreenConfigurator.swift in Sources */ = {isa = PBXBuildFile; fileRef = ED9ABB86223F7BE400DA6B0C /* MapScreenConfigurator.swift */; };
		ED9ABB8A223F7C6900DA6B0C /* BaseModuleProtocols.swift in Sources */ = {isa = PBXBuildFile; fileRef = ED9ABB89223F7C6900DA6B0C /* BaseModuleProtocols.swift */; };
		EDAB05E6223CE397003CA764 /* ColorExtension.swift in Sources */ = {isa = PBXBuildFile; fileRef = EDAB05E5223CE397003CA764 /* ColorExtension.swift */; };
		EDAB05E9223CE46D003CA764 /* ThemeManager.swift in Sources */ = {isa = PBXBuildFile; fileRef = EDAB05E8223CE46D003CA764 /* ThemeManager.swift */; };
		EDAB05EB223CE4B2003CA764 /* ThemeProtocol.swift in Sources */ = {isa = PBXBuildFile; fileRef = EDAB05EA223CE4B2003CA764 /* ThemeProtocol.swift */; };
		EDAB05ED223CE54C003CA764 /* LightTheme.swift in Sources */ = {isa = PBXBuildFile; fileRef = EDAB05EC223CE54C003CA764 /* LightTheme.swift */; };
		EDAB05EF223CE656003CA764 /* DarkTheme.swift in Sources */ = {isa = PBXBuildFile; fileRef = EDAB05EE223CE656003CA764 /* DarkTheme.swift */; };
		EDC798DD2242D4540076F2BA /* LocationEntity.swift in Sources */ = {isa = PBXBuildFile; fileRef = EDC798DC2242D4540076F2BA /* LocationEntity.swift */; };
		EDED8B512244C46E00EE00CD /* LocationCell.swift in Sources */ = {isa = PBXBuildFile; fileRef = EDED8B502244C46E00EE00CD /* LocationCell.swift */; };
		EDEFB343224016B000744ED8 /* MapScreenViewController.storyboard in Resources */ = {isa = PBXBuildFile; fileRef = EDEFB342224016B000744ED8 /* MapScreenViewController.storyboard */; };
		EDFCEF1A2243FF59003315DA /* FavoriteLocationList.storyboard in Resources */ = {isa = PBXBuildFile; fileRef = EDFCEF192243FF59003315DA /* FavoriteLocationList.storyboard */; };
		EDFD2A6222461CFB00870196 /* ImageSwitchHelper.swift in Sources */ = {isa = PBXBuildFile; fileRef = EDFD2A6122461CFB00870196 /* ImageSwitchHelper.swift */; };
/* End PBXBuildFile section */

/* Begin PBXContainerItemProxy section */
		ED4969EE223BEB20005B0B6B /* PBXContainerItemProxy */ = {
			isa = PBXContainerItemProxy;
			containerPortal = ED4969CE223BEB1F005B0B6B /* Project object */;
			proxyType = 1;
			remoteGlobalIDString = ED4969D5223BEB1F005B0B6B;
			remoteInfo = weatherApp;
		};
/* End PBXContainerItemProxy section */

/* Begin PBXFileReference section */
		0E88E8A9863D9DDFA94F63BB /* Pods-weatherApp.debug.xcconfig */ = {isa = PBXFileReference; includeInIndex = 1; lastKnownFileType = text.xcconfig; name = "Pods-weatherApp.debug.xcconfig"; path = "Target Support Files/Pods-weatherApp/Pods-weatherApp.debug.xcconfig"; sourceTree = "<group>"; };
		2C25C7C1AD9732F4094E4BF4 /* Pods-weatherAppTests.debug.xcconfig */ = {isa = PBXFileReference; includeInIndex = 1; lastKnownFileType = text.xcconfig; name = "Pods-weatherAppTests.debug.xcconfig"; path = "Target Support Files/Pods-weatherAppTests/Pods-weatherAppTests.debug.xcconfig"; sourceTree = "<group>"; };
		6C2DF51E49E74B3A75753AA7 /* Pods_weatherAppTests.framework */ = {isa = PBXFileReference; explicitFileType = wrapper.framework; includeInIndex = 0; path = Pods_weatherAppTests.framework; sourceTree = BUILT_PRODUCTS_DIR; };
		BF16D30722085C52354A0D00 /* Pods-weatherApp.release.xcconfig */ = {isa = PBXFileReference; includeInIndex = 1; lastKnownFileType = text.xcconfig; name = "Pods-weatherApp.release.xcconfig"; path = "Target Support Files/Pods-weatherApp/Pods-weatherApp.release.xcconfig"; sourceTree = "<group>"; };
		C2A863F1CB9B32D587E9B6C5 /* Pods_weatherApp.framework */ = {isa = PBXFileReference; explicitFileType = wrapper.framework; includeInIndex = 0; path = Pods_weatherApp.framework; sourceTree = BUILT_PRODUCTS_DIR; };
		ED0699462247C0E7006974AD /* DetailLocationProtocols.swift */ = {isa = PBXFileReference; lastKnownFileType = sourcecode.swift; path = DetailLocationProtocols.swift; sourceTree = "<group>"; };
		ED0699482247C0F3006974AD /* DetailLocationView.swift */ = {isa = PBXFileReference; lastKnownFileType = sourcecode.swift; path = DetailLocationView.swift; sourceTree = "<group>"; };
		ED06994A2247C101006974AD /* DetailLocationPresenter.swift */ = {isa = PBXFileReference; lastKnownFileType = sourcecode.swift; path = DetailLocationPresenter.swift; sourceTree = "<group>"; };
		ED06994C2247C114006974AD /* DetailLocationInteractor.swift */ = {isa = PBXFileReference; lastKnownFileType = sourcecode.swift; path = DetailLocationInteractor.swift; sourceTree = "<group>"; };
		ED06994E2247C13F006974AD /* DetailLocationRouter.swift */ = {isa = PBXFileReference; lastKnownFileType = sourcecode.swift; path = DetailLocationRouter.swift; sourceTree = "<group>"; };
		ED0699502247C14D006974AD /* DetailLocationConfigurator.swift */ = {isa = PBXFileReference; lastKnownFileType = sourcecode.swift; path = DetailLocationConfigurator.swift; sourceTree = "<group>"; };
		ED1201022240415F003453C6 /* AlertExtension.swift */ = {isa = PBXFileReference; lastKnownFileType = sourcecode.swift; path = AlertExtension.swift; sourceTree = "<group>"; };
		ED1873BB2240D9D500C31A97 /* LocationService.swift */ = {isa = PBXFileReference; lastKnownFileType = sourcecode.swift; path = LocationService.swift; sourceTree = "<group>"; };
		ED1AD17922413396007A2F37 /* AlamofireWrapper.swift */ = {isa = PBXFileReference; lastKnownFileType = sourcecode.swift; path = AlamofireWrapper.swift; sourceTree = "<group>"; };
		ED1AD17B2241438F007A2F37 /* RequestBuilder.swift */ = {isa = PBXFileReference; lastKnownFileType = sourcecode.swift; path = RequestBuilder.swift; sourceTree = "<group>"; };
		ED1FEEA922422526003C134D /* NetworkCompletion.swift */ = {isa = PBXFileReference; lastKnownFileType = sourcecode.swift; path = NetworkCompletion.swift; sourceTree = "<group>"; };
		ED1FEEAB22422783003C134D /* ServerService.swift */ = {isa = PBXFileReference; lastKnownFileType = sourcecode.swift; path = ServerService.swift; sourceTree = "<group>"; };
		ED1FEEAD22422DA1003C134D /* Parsing.swift */ = {isa = PBXFileReference; lastKnownFileType = sourcecode.swift; path = Parsing.swift; sourceTree = "<group>"; };
		ED1FEEAF224263AE003C134D /* AppConstants.swift */ = {isa = PBXFileReference; lastKnownFileType = sourcecode.swift; path = AppConstants.swift; sourceTree = "<group>"; };
		ED1FEEB122426536003C134D /* DoubleExtension.swift */ = {isa = PBXFileReference; lastKnownFileType = sourcecode.swift; path = DoubleExtension.swift; sourceTree = "<group>"; };
		ED1FEEB322426B4A003C134D /* StringExtension.swift */ = {isa = PBXFileReference; lastKnownFileType = sourcecode.swift; path = StringExtension.swift; sourceTree = "<group>"; };
		ED4969D6223BEB1F005B0B6B /* weatherApp.app */ = {isa = PBXFileReference; explicitFileType = wrapper.application; includeInIndex = 0; path = weatherApp.app; sourceTree = BUILT_PRODUCTS_DIR; };
		ED4969D9223BEB1F005B0B6B /* AppDelegate.swift */ = {isa = PBXFileReference; lastKnownFileType = sourcecode.swift; path = AppDelegate.swift; sourceTree = "<group>"; };
		ED4969DE223BEB1F005B0B6B /* Base */ = {isa = PBXFileReference; lastKnownFileType = file.storyboard; name = Base; path = Base.lproj/Main.storyboard; sourceTree = "<group>"; };
		ED4969E1223BEB1F005B0B6B /* weatherApp.xcdatamodel */ = {isa = PBXFileReference; lastKnownFileType = wrapper.xcdatamodel; path = weatherApp.xcdatamodel; sourceTree = "<group>"; };
		ED4969E3223BEB20005B0B6B /* Assets.xcassets */ = {isa = PBXFileReference; lastKnownFileType = folder.assetcatalog; path = Assets.xcassets; sourceTree = "<group>"; };
		ED4969E6223BEB20005B0B6B /* Base */ = {isa = PBXFileReference; lastKnownFileType = file.storyboard; name = Base; path = Base.lproj/LaunchScreen.storyboard; sourceTree = "<group>"; };
		ED4969E8223BEB20005B0B6B /* Info.plist */ = {isa = PBXFileReference; lastKnownFileType = text.plist.xml; path = Info.plist; sourceTree = "<group>"; };
		ED4969ED223BEB20005B0B6B /* weatherAppTests.xctest */ = {isa = PBXFileReference; explicitFileType = wrapper.cfbundle; includeInIndex = 0; path = weatherAppTests.xctest; sourceTree = BUILT_PRODUCTS_DIR; };
		ED4969F1223BEB20005B0B6B /* weatherAppTests.swift */ = {isa = PBXFileReference; lastKnownFileType = sourcecode.swift; path = weatherAppTests.swift; sourceTree = "<group>"; };
		ED4969F3223BEB20005B0B6B /* Info.plist */ = {isa = PBXFileReference; lastKnownFileType = text.plist.xml; path = Info.plist; sourceTree = "<group>"; };
		ED554D5122477EBA00E66817 /* TransitionHandlerExtension.swift */ = {isa = PBXFileReference; lastKnownFileType = sourcecode.swift; path = TransitionHandlerExtension.swift; sourceTree = "<group>"; };
		ED554D5322477F0900E66817 /* WeatherDetails.storyboard */ = {isa = PBXFileReference; lastKnownFileType = file.storyboard; path = WeatherDetails.storyboard; sourceTree = "<group>"; };
		ED985633224394CE004B6759 /* DataManager.swift */ = {isa = PBXFileReference; lastKnownFileType = sourcecode.swift; path = DataManager.swift; sourceTree = "<group>"; };
		ED99FEB622440E2E0092E49A /* FavoriteLocationListProtocols.swift */ = {isa = PBXFileReference; lastKnownFileType = sourcecode.swift; path = FavoriteLocationListProtocols.swift; sourceTree = "<group>"; };
		ED99FEB822440E430092E49A /* FavoriteLocationListView.swift */ = {isa = PBXFileReference; lastKnownFileType = sourcecode.swift; path = FavoriteLocationListView.swift; sourceTree = "<group>"; };
		ED99FEBA22440E720092E49A /* FavoriteLocationListPresenter.swift */ = {isa = PBXFileReference; lastKnownFileType = sourcecode.swift; path = FavoriteLocationListPresenter.swift; sourceTree = "<group>"; };
		ED99FEBC22440E7E0092E49A /* FavoriteLocationListInteractor.swift */ = {isa = PBXFileReference; lastKnownFileType = sourcecode.swift; path = FavoriteLocationListInteractor.swift; sourceTree = "<group>"; };
		ED99FEBE22440E920092E49A /* FavoriteLocationListRouter.swift */ = {isa = PBXFileReference; lastKnownFileType = sourcecode.swift; path = FavoriteLocationListRouter.swift; sourceTree = "<group>"; };
		ED99FEC022440EA10092E49A /* FavoriteLocationListConfigurator.swift */ = {isa = PBXFileReference; lastKnownFileType = sourcecode.swift; path = FavoriteLocationListConfigurator.swift; sourceTree = "<group>"; };
		ED9ABB7C223F7B8700DA6B0C /* MapScreenProtocols.swift */ = {isa = PBXFileReference; lastKnownFileType = sourcecode.swift; path = MapScreenProtocols.swift; sourceTree = "<group>"; };
		ED9ABB7E223F7B9D00DA6B0C /* MapScreenView.swift */ = {isa = PBXFileReference; lastKnownFileType = sourcecode.swift; path = MapScreenView.swift; sourceTree = "<group>"; };
		ED9ABB80223F7BAB00DA6B0C /* MapScreenPresenter.swift */ = {isa = PBXFileReference; lastKnownFileType = sourcecode.swift; path = MapScreenPresenter.swift; sourceTree = "<group>"; };
		ED9ABB82223F7BBC00DA6B0C /* MapScreenInteractor.swift */ = {isa = PBXFileReference; lastKnownFileType = sourcecode.swift; path = MapScreenInteractor.swift; sourceTree = "<group>"; };
		ED9ABB84223F7BCD00DA6B0C /* MapScreenRouter.swift */ = {isa = PBXFileReference; lastKnownFileType = sourcecode.swift; path = MapScreenRouter.swift; sourceTree = "<group>"; };
		ED9ABB86223F7BE400DA6B0C /* MapScreenConfigurator.swift */ = {isa = PBXFileReference; lastKnownFileType = sourcecode.swift; path = MapScreenConfigurator.swift; sourceTree = "<group>"; };
		ED9ABB89223F7C6900DA6B0C /* BaseModuleProtocols.swift */ = {isa = PBXFileReference; lastKnownFileType = sourcecode.swift; path = BaseModuleProtocols.swift; sourceTree = "<group>"; };
		EDAB05E5223CE397003CA764 /* ColorExtension.swift */ = {isa = PBXFileReference; lastKnownFileType = sourcecode.swift; path = ColorExtension.swift; sourceTree = "<group>"; };
		EDAB05E8223CE46D003CA764 /* ThemeManager.swift */ = {isa = PBXFileReference; lastKnownFileType = sourcecode.swift; path = ThemeManager.swift; sourceTree = "<group>"; };
		EDAB05EA223CE4B2003CA764 /* ThemeProtocol.swift */ = {isa = PBXFileReference; lastKnownFileType = sourcecode.swift; path = ThemeProtocol.swift; sourceTree = "<group>"; };
		EDAB05EC223CE54C003CA764 /* LightTheme.swift */ = {isa = PBXFileReference; lastKnownFileType = sourcecode.swift; path = LightTheme.swift; sourceTree = "<group>"; };
		EDAB05EE223CE656003CA764 /* DarkTheme.swift */ = {isa = PBXFileReference; lastKnownFileType = sourcecode.swift; path = DarkTheme.swift; sourceTree = "<group>"; };
		EDC798DC2242D4540076F2BA /* LocationEntity.swift */ = {isa = PBXFileReference; lastKnownFileType = sourcecode.swift; path = LocationEntity.swift; sourceTree = "<group>"; };
		EDED8B502244C46E00EE00CD /* LocationCell.swift */ = {isa = PBXFileReference; lastKnownFileType = sourcecode.swift; path = LocationCell.swift; sourceTree = "<group>"; };
		EDEFB342224016B000744ED8 /* MapScreenViewController.storyboard */ = {isa = PBXFileReference; lastKnownFileType = file.storyboard; path = MapScreenViewController.storyboard; sourceTree = "<group>"; };
		EDFCEF192243FF59003315DA /* FavoriteLocationList.storyboard */ = {isa = PBXFileReference; lastKnownFileType = file.storyboard; path = FavoriteLocationList.storyboard; sourceTree = "<group>"; };
		EDFD2A6122461CFB00870196 /* ImageSwitchHelper.swift */ = {isa = PBXFileReference; lastKnownFileType = sourcecode.swift; path = ImageSwitchHelper.swift; sourceTree = "<group>"; };
		F15B9EABBEE094C774222CCF /* Pods-weatherAppTests.release.xcconfig */ = {isa = PBXFileReference; includeInIndex = 1; lastKnownFileType = text.xcconfig; name = "Pods-weatherAppTests.release.xcconfig"; path = "Target Support Files/Pods-weatherAppTests/Pods-weatherAppTests.release.xcconfig"; sourceTree = "<group>"; };
/* End PBXFileReference section */

/* Begin PBXFrameworksBuildPhase section */
		ED4969D3223BEB1F005B0B6B /* Frameworks */ = {
			isa = PBXFrameworksBuildPhase;
			buildActionMask = 2147483647;
			files = (
				44FDAB6EF9F5039478CE34B0 /* Pods_weatherApp.framework in Frameworks */,
			);
			runOnlyForDeploymentPostprocessing = 0;
		};
		ED4969EA223BEB20005B0B6B /* Frameworks */ = {
			isa = PBXFrameworksBuildPhase;
			buildActionMask = 2147483647;
			files = (
				419D2FCAE0BA43AA35AB823F /* Pods_weatherAppTests.framework in Frameworks */,
			);
			runOnlyForDeploymentPostprocessing = 0;
		};
/* End PBXFrameworksBuildPhase section */

/* Begin PBXGroup section */
		39F123789F31F573F7671806 /* Pods */ = {
			isa = PBXGroup;
			children = (
				0E88E8A9863D9DDFA94F63BB /* Pods-weatherApp.debug.xcconfig */,
				BF16D30722085C52354A0D00 /* Pods-weatherApp.release.xcconfig */,
				2C25C7C1AD9732F4094E4BF4 /* Pods-weatherAppTests.debug.xcconfig */,
				F15B9EABBEE094C774222CCF /* Pods-weatherAppTests.release.xcconfig */,
			);
			path = Pods;
			sourceTree = "<group>";
		};
		ED0699452247C0C4006974AD /* DetailLocation */ = {
			isa = PBXGroup;
			children = (
				ED0699462247C0E7006974AD /* DetailLocationProtocols.swift */,
				ED0699482247C0F3006974AD /* DetailLocationView.swift */,
				ED06994A2247C101006974AD /* DetailLocationPresenter.swift */,
				ED06994C2247C114006974AD /* DetailLocationInteractor.swift */,
				ED06994E2247C13F006974AD /* DetailLocationRouter.swift */,
				ED0699502247C14D006974AD /* DetailLocationConfigurator.swift */,
			);
			path = DetailLocation;
			sourceTree = "<group>";
		};
		ED1200FF224040EF003453C6 /* Extensions */ = {
			isa = PBXGroup;
			children = (
				ED1201022240415F003453C6 /* AlertExtension.swift */,
			);
			path = Extensions;
			sourceTree = "<group>";
		};
		ED1AD17822413387007A2F37 /* Networking */ = {
			isa = PBXGroup;
			children = (
				ED1AD17922413396007A2F37 /* AlamofireWrapper.swift */,
				ED1AD17B2241438F007A2F37 /* RequestBuilder.swift */,
				ED1FEEA922422526003C134D /* NetworkCompletion.swift */,
				ED1FEEAB22422783003C134D /* ServerService.swift */,
				ED1FEEAD22422DA1003C134D /* Parsing.swift */,
			);
			path = Networking;
			sourceTree = "<group>";
		};
		ED4969CD223BEB1F005B0B6B = {
			isa = PBXGroup;
			children = (
				ED4969D8223BEB1F005B0B6B /* weatherApp */,
				ED4969F0223BEB20005B0B6B /* weatherAppTests */,
				ED4969D7223BEB1F005B0B6B /* Products */,
				39F123789F31F573F7671806 /* Pods */,
				F3FB3EE9F001E2D60ECCF34B /* Frameworks */,
			);
			sourceTree = "<group>";
		};
		ED4969D7223BEB1F005B0B6B /* Products */ = {
			isa = PBXGroup;
			children = (
				ED4969D6223BEB1F005B0B6B /* weatherApp.app */,
				ED4969ED223BEB20005B0B6B /* weatherAppTests.xctest */,
			);
			name = Products;
			sourceTree = "<group>";
		};
		ED4969D8223BEB1F005B0B6B /* weatherApp */ = {
			isa = PBXGroup;
			children = (
				EDAB05F0223CE70D003CA764 /* app-data */,
				ED4969FC223BEB2E005B0B6B /* app-modules */,
				ED4969FF223BEB97005B0B6B /* app-services */,
				ED496A00223BEB9E005B0B6B /* app-settings */,
				ED4969FE223BEB86005B0B6B /* app-ui */,
				ED4969E3223BEB20005B0B6B /* Assets.xcassets */,
				ED4969FD223BEB3C005B0B6B /* common-utils */,
				ED4969E8223BEB20005B0B6B /* Info.plist */,
			);
			path = weatherApp;
			sourceTree = "<group>";
		};
		ED4969F0223BEB20005B0B6B /* weatherAppTests */ = {
			isa = PBXGroup;
			children = (
				ED4969F1223BEB20005B0B6B /* weatherAppTests.swift */,
				ED4969F3223BEB20005B0B6B /* Info.plist */,
			);
			path = weatherAppTests;
			sourceTree = "<group>";
		};
		ED4969FC223BEB2E005B0B6B /* app-modules */ = {
			isa = PBXGroup;
			children = (
				ED0699452247C0C4006974AD /* DetailLocation */,
				EDFCEF182243FE84003315DA /* FavoriteLocationList */,
				ED9ABB88223F7C4800DA6B0C /* BaseModule */,
				ED9ABB7B223F7AB200DA6B0C /* MapScreen */,
			);
			path = "app-modules";
			sourceTree = "<group>";
		};
		ED4969FD223BEB3C005B0B6B /* common-utils */ = {
			isa = PBXGroup;
			children = (
				EDAB05E4223CE366003CA764 /* ui-utils */,
				ED1FEEAF224263AE003C134D /* AppConstants.swift */,
				ED1FEEB122426536003C134D /* DoubleExtension.swift */,
				ED1FEEB322426B4A003C134D /* StringExtension.swift */,
				ED554D5122477EBA00E66817 /* TransitionHandlerExtension.swift */,
			);
			path = "common-utils";
			sourceTree = "<group>";
		};
		ED4969FE223BEB86005B0B6B /* app-ui */ = {
			isa = PBXGroup;
			children = (
				ED1200FF224040EF003453C6 /* Extensions */,
				EDEFB3412240168D00744ED8 /* Scenes */,
				EDAB05E7223CE44A003CA764 /* ThemeManager */,
			);
			path = "app-ui";
			sourceTree = "<group>";
		};
		ED4969FF223BEB97005B0B6B /* app-services */ = {
			isa = PBXGroup;
			children = (
				ED985632224394B1004B6759 /* DataManager */,
				ED1AD17822413387007A2F37 /* Networking */,
				ED1873BB2240D9D500C31A97 /* LocationService.swift */,
				EDFD2A6122461CFB00870196 /* ImageSwitchHelper.swift */,
			);
			path = "app-services";
			sourceTree = "<group>";
		};
		ED496A00223BEB9E005B0B6B /* app-settings */ = {
			isa = PBXGroup;
			children = (
				ED4969D9223BEB1F005B0B6B /* AppDelegate.swift */,
			);
			path = "app-settings";
			sourceTree = "<group>";
		};
		ED985632224394B1004B6759 /* DataManager */ = {
			isa = PBXGroup;
			children = (
				ED985633224394CE004B6759 /* DataManager.swift */,
			);
			path = DataManager;
			sourceTree = "<group>";
		};
		ED9ABB7B223F7AB200DA6B0C /* MapScreen */ = {
			isa = PBXGroup;
			children = (
				ED9ABB7C223F7B8700DA6B0C /* MapScreenProtocols.swift */,
				ED9ABB7E223F7B9D00DA6B0C /* MapScreenView.swift */,
				ED9ABB80223F7BAB00DA6B0C /* MapScreenPresenter.swift */,
				ED9ABB82223F7BBC00DA6B0C /* MapScreenInteractor.swift */,
				ED9ABB84223F7BCD00DA6B0C /* MapScreenRouter.swift */,
				ED9ABB86223F7BE400DA6B0C /* MapScreenConfigurator.swift */,
				EDC798DC2242D4540076F2BA /* LocationEntity.swift */,
			);
			path = MapScreen;
			sourceTree = "<group>";
		};
		ED9ABB88223F7C4800DA6B0C /* BaseModule */ = {
			isa = PBXGroup;
			children = (
				ED9ABB89223F7C6900DA6B0C /* BaseModuleProtocols.swift */,
			);
			path = BaseModule;
			sourceTree = "<group>";
		};
		EDAB05E4223CE366003CA764 /* ui-utils */ = {
			isa = PBXGroup;
			children = (
				EDAB05E5223CE397003CA764 /* ColorExtension.swift */,
			);
			path = "ui-utils";
			sourceTree = "<group>";
		};
		EDAB05E7223CE44A003CA764 /* ThemeManager */ = {
			isa = PBXGroup;
			children = (
				EDAB05E8223CE46D003CA764 /* ThemeManager.swift */,
				EDAB05EA223CE4B2003CA764 /* ThemeProtocol.swift */,
				EDAB05EC223CE54C003CA764 /* LightTheme.swift */,
				EDAB05EE223CE656003CA764 /* DarkTheme.swift */,
			);
			path = ThemeManager;
			sourceTree = "<group>";
		};
		EDAB05F0223CE70D003CA764 /* app-data */ = {
			isa = PBXGroup;
			children = (
				ED4969E0223BEB1F005B0B6B /* weatherApp.xcdatamodeld */,
			);
			path = "app-data";
			sourceTree = "<group>";
		};
		EDEFB3412240168D00744ED8 /* Scenes */ = {
			isa = PBXGroup;
			children = (
				ED4969E5223BEB20005B0B6B /* LaunchScreen.storyboard */,
				EDEFB342224016B000744ED8 /* MapScreenViewController.storyboard */,
				ED4969DD223BEB1F005B0B6B /* Main.storyboard */,
				EDFCEF192243FF59003315DA /* FavoriteLocationList.storyboard */,
				ED554D5322477F0900E66817 /* WeatherDetails.storyboard */,
			);
			path = Scenes;
			sourceTree = "<group>";
		};
		EDFCEF182243FE84003315DA /* FavoriteLocationList */ = {
			isa = PBXGroup;
			children = (
				ED99FEB622440E2E0092E49A /* FavoriteLocationListProtocols.swift */,
				ED99FEB822440E430092E49A /* FavoriteLocationListView.swift */,
				ED99FEBA22440E720092E49A /* FavoriteLocationListPresenter.swift */,
				ED99FEBC22440E7E0092E49A /* FavoriteLocationListInteractor.swift */,
				ED99FEBE22440E920092E49A /* FavoriteLocationListRouter.swift */,
				ED99FEC022440EA10092E49A /* FavoriteLocationListConfigurator.swift */,
				EDED8B502244C46E00EE00CD /* LocationCell.swift */,
			);
			path = FavoriteLocationList;
			sourceTree = "<group>";
		};
		F3FB3EE9F001E2D60ECCF34B /* Frameworks */ = {
			isa = PBXGroup;
			children = (
				C2A863F1CB9B32D587E9B6C5 /* Pods_weatherApp.framework */,
				6C2DF51E49E74B3A75753AA7 /* Pods_weatherAppTests.framework */,
			);
			name = Frameworks;
			sourceTree = "<group>";
		};
/* End PBXGroup section */

/* Begin PBXNativeTarget section */
		ED4969D5223BEB1F005B0B6B /* weatherApp */ = {
			isa = PBXNativeTarget;
			buildConfigurationList = ED4969F6223BEB20005B0B6B /* Build configuration list for PBXNativeTarget "weatherApp" */;
			buildPhases = (
				4BC8F7B0D1DB77201F501BFD /* [CP] Check Pods Manifest.lock */,
				ED4969D2223BEB1F005B0B6B /* Sources */,
				ED4969D3223BEB1F005B0B6B /* Frameworks */,
				ED4969D4223BEB1F005B0B6B /* Resources */,
				028CF49ED452419E4674562A /* [CP] Embed Pods Frameworks */,
			);
			buildRules = (
			);
			dependencies = (
			);
			name = weatherApp;
			productName = weatherApp;
			productReference = ED4969D6223BEB1F005B0B6B /* weatherApp.app */;
			productType = "com.apple.product-type.application";
		};
		ED4969EC223BEB20005B0B6B /* weatherAppTests */ = {
			isa = PBXNativeTarget;
			buildConfigurationList = ED4969F9223BEB20005B0B6B /* Build configuration list for PBXNativeTarget "weatherAppTests" */;
			buildPhases = (
				6C43A1B808D00C00EB98AEF0 /* [CP] Check Pods Manifest.lock */,
				ED4969E9223BEB20005B0B6B /* Sources */,
				ED4969EA223BEB20005B0B6B /* Frameworks */,
				ED4969EB223BEB20005B0B6B /* Resources */,
			);
			buildRules = (
			);
			dependencies = (
				ED4969EF223BEB20005B0B6B /* PBXTargetDependency */,
			);
			name = weatherAppTests;
			productName = weatherAppTests;
			productReference = ED4969ED223BEB20005B0B6B /* weatherAppTests.xctest */;
			productType = "com.apple.product-type.bundle.unit-test";
		};
/* End PBXNativeTarget section */

/* Begin PBXProject section */
		ED4969CE223BEB1F005B0B6B /* Project object */ = {
			isa = PBXProject;
			attributes = {
				LastSwiftUpdateCheck = 1010;
				LastUpgradeCheck = 1010;
				ORGANIZATIONNAME = kirill;
				TargetAttributes = {
					ED4969D5223BEB1F005B0B6B = {
						CreatedOnToolsVersion = 10.1;
					};
					ED4969EC223BEB20005B0B6B = {
						CreatedOnToolsVersion = 10.1;
						TestTargetID = ED4969D5223BEB1F005B0B6B;
					};
				};
			};
			buildConfigurationList = ED4969D1223BEB1F005B0B6B /* Build configuration list for PBXProject "weatherApp" */;
			compatibilityVersion = "Xcode 9.3";
			developmentRegion = en;
			hasScannedForEncodings = 0;
			knownRegions = (
				en,
				Base,
			);
			mainGroup = ED4969CD223BEB1F005B0B6B;
			productRefGroup = ED4969D7223BEB1F005B0B6B /* Products */;
			projectDirPath = "";
			projectRoot = "";
			targets = (
				ED4969D5223BEB1F005B0B6B /* weatherApp */,
				ED4969EC223BEB20005B0B6B /* weatherAppTests */,
			);
		};
/* End PBXProject section */

/* Begin PBXResourcesBuildPhase section */
		ED4969D4223BEB1F005B0B6B /* Resources */ = {
			isa = PBXResourcesBuildPhase;
			buildActionMask = 2147483647;
			files = (
				EDFCEF1A2243FF59003315DA /* FavoriteLocationList.storyboard in Resources */,
				ED4969E7223BEB20005B0B6B /* LaunchScreen.storyboard in Resources */,
				ED4969E4223BEB20005B0B6B /* Assets.xcassets in Resources */,
				EDEFB343224016B000744ED8 /* MapScreenViewController.storyboard in Resources */,
				ED554D5422477F0900E66817 /* WeatherDetails.storyboard in Resources */,
				ED4969DF223BEB1F005B0B6B /* Main.storyboard in Resources */,
			);
			runOnlyForDeploymentPostprocessing = 0;
		};
		ED4969EB223BEB20005B0B6B /* Resources */ = {
			isa = PBXResourcesBuildPhase;
			buildActionMask = 2147483647;
			files = (
			);
			runOnlyForDeploymentPostprocessing = 0;
		};
/* End PBXResourcesBuildPhase section */

/* Begin PBXShellScriptBuildPhase section */
		028CF49ED452419E4674562A /* [CP] Embed Pods Frameworks */ = {
			isa = PBXShellScriptBuildPhase;
			buildActionMask = 2147483647;
			files = (
			);
			inputFileListPaths = (
				"${PODS_ROOT}/Target Support Files/Pods-weatherApp/Pods-weatherApp-frameworks-${CONFIGURATION}-input-files.xcfilelist",
			);
			name = "[CP] Embed Pods Frameworks";
			outputFileListPaths = (
				"${PODS_ROOT}/Target Support Files/Pods-weatherApp/Pods-weatherApp-frameworks-${CONFIGURATION}-output-files.xcfilelist",
			);
			runOnlyForDeploymentPostprocessing = 0;
			shellPath = /bin/sh;
			shellScript = "\"${PODS_ROOT}/Target Support Files/Pods-weatherApp/Pods-weatherApp-frameworks.sh\"\n";
			showEnvVarsInLog = 0;
		};
		4BC8F7B0D1DB77201F501BFD /* [CP] Check Pods Manifest.lock */ = {
			isa = PBXShellScriptBuildPhase;
			buildActionMask = 2147483647;
			files = (
			);
			inputFileListPaths = (
			);
			inputPaths = (
				"${PODS_PODFILE_DIR_PATH}/Podfile.lock",
				"${PODS_ROOT}/Manifest.lock",
			);
			name = "[CP] Check Pods Manifest.lock";
			outputFileListPaths = (
			);
			outputPaths = (
				"$(DERIVED_FILE_DIR)/Pods-weatherApp-checkManifestLockResult.txt",
			);
			runOnlyForDeploymentPostprocessing = 0;
			shellPath = /bin/sh;
			shellScript = "diff \"${PODS_PODFILE_DIR_PATH}/Podfile.lock\" \"${PODS_ROOT}/Manifest.lock\" > /dev/null\nif [ $? != 0 ] ; then\n    # print error to STDERR\n    echo \"error: The sandbox is not in sync with the Podfile.lock. Run 'pod install' or update your CocoaPods installation.\" >&2\n    exit 1\nfi\n# This output is used by Xcode 'outputs' to avoid re-running this script phase.\necho \"SUCCESS\" > \"${SCRIPT_OUTPUT_FILE_0}\"\n";
			showEnvVarsInLog = 0;
		};
		6C43A1B808D00C00EB98AEF0 /* [CP] Check Pods Manifest.lock */ = {
			isa = PBXShellScriptBuildPhase;
			buildActionMask = 2147483647;
			files = (
			);
			inputFileListPaths = (
			);
			inputPaths = (
				"${PODS_PODFILE_DIR_PATH}/Podfile.lock",
				"${PODS_ROOT}/Manifest.lock",
			);
			name = "[CP] Check Pods Manifest.lock";
			outputFileListPaths = (
			);
			outputPaths = (
				"$(DERIVED_FILE_DIR)/Pods-weatherAppTests-checkManifestLockResult.txt",
			);
			runOnlyForDeploymentPostprocessing = 0;
			shellPath = /bin/sh;
			shellScript = "diff \"${PODS_PODFILE_DIR_PATH}/Podfile.lock\" \"${PODS_ROOT}/Manifest.lock\" > /dev/null\nif [ $? != 0 ] ; then\n    # print error to STDERR\n    echo \"error: The sandbox is not in sync with the Podfile.lock. Run 'pod install' or update your CocoaPods installation.\" >&2\n    exit 1\nfi\n# This output is used by Xcode 'outputs' to avoid re-running this script phase.\necho \"SUCCESS\" > \"${SCRIPT_OUTPUT_FILE_0}\"\n";
			showEnvVarsInLog = 0;
		};
/* End PBXShellScriptBuildPhase section */

/* Begin PBXSourcesBuildPhase section */
		ED4969D2223BEB1F005B0B6B /* Sources */ = {
			isa = PBXSourcesBuildPhase;
			buildActionMask = 2147483647;
			files = (
				ED9ABB7F223F7B9D00DA6B0C /* MapScreenView.swift in Sources */,
				ED4969E2223BEB1F005B0B6B /* weatherApp.xcdatamodeld in Sources */,
				ED9ABB8A223F7C6900DA6B0C /* BaseModuleProtocols.swift in Sources */,
				ED554D5222477EBA00E66817 /* TransitionHandlerExtension.swift in Sources */,
				ED1FEEAA22422526003C134D /* NetworkCompletion.swift in Sources */,
				ED0699472247C0E7006974AD /* DetailLocationProtocols.swift in Sources */,
				ED1AD17C2241438F007A2F37 /* RequestBuilder.swift in Sources */,
				ED1201032240415F003453C6 /* AlertExtension.swift in Sources */,
				EDED8B512244C46E00EE00CD /* LocationCell.swift in Sources */,
				ED1FEEAC22422783003C134D /* ServerService.swift in Sources */,
				ED06994F2247C13F006974AD /* DetailLocationRouter.swift in Sources */,
				ED99FEBD22440E7E0092E49A /* FavoriteLocationListInteractor.swift in Sources */,
				ED99FEBB22440E720092E49A /* FavoriteLocationListPresenter.swift in Sources */,
				ED06994B2247C101006974AD /* DetailLocationPresenter.swift in Sources */,
				ED99FEC122440EA10092E49A /* FavoriteLocationListConfigurator.swift in Sources */,
				ED1FEEAE22422DA1003C134D /* Parsing.swift in Sources */,
				ED9ABB81223F7BAB00DA6B0C /* MapScreenPresenter.swift in Sources */,
				ED99FEB922440E430092E49A /* FavoriteLocationListView.swift in Sources */,
				ED1FEEB0224263AE003C134D /* AppConstants.swift in Sources */,
				ED1AD17A22413396007A2F37 /* AlamofireWrapper.swift in Sources */,
				ED0699492247C0F3006974AD /* DetailLocationView.swift in Sources */,
				ED985634224394CE004B6759 /* DataManager.swift in Sources */,
				EDFD2A6222461CFB00870196 /* ImageSwitchHelper.swift in Sources */,
				EDAB05E9223CE46D003CA764 /* ThemeManager.swift in Sources */,
				ED9ABB87223F7BE400DA6B0C /* MapScreenConfigurator.swift in Sources */,
				ED99FEB722440E2E0092E49A /* FavoriteLocationListProtocols.swift in Sources */,
				EDC798DD2242D4540076F2BA /* LocationEntity.swift in Sources */,
				ED9ABB7D223F7B8700DA6B0C /* MapScreenProtocols.swift in Sources */,
				ED9ABB85223F7BCD00DA6B0C /* MapScreenRouter.swift in Sources */,
				EDAB05EB223CE4B2003CA764 /* ThemeProtocol.swift in Sources */,
				ED06994D2247C114006974AD /* DetailLocationInteractor.swift in Sources */,
				ED1FEEB222426536003C134D /* DoubleExtension.swift in Sources */,
				ED99FEBF22440E920092E49A /* FavoriteLocationListRouter.swift in Sources */,
				ED1873BC2240D9D500C31A97 /* LocationService.swift in Sources */,
				ED4969DA223BEB1F005B0B6B /* AppDelegate.swift in Sources */,
				EDAB05ED223CE54C003CA764 /* LightTheme.swift in Sources */,
				ED1FEEB422426B4A003C134D /* StringExtension.swift in Sources */,
				ED9ABB83223F7BBC00DA6B0C /* MapScreenInteractor.swift in Sources */,
				EDAB05E6223CE397003CA764 /* ColorExtension.swift in Sources */,
				EDAB05EF223CE656003CA764 /* DarkTheme.swift in Sources */,
				ED0699512247C14D006974AD /* DetailLocationConfigurator.swift in Sources */,
			);
			runOnlyForDeploymentPostprocessing = 0;
		};
		ED4969E9223BEB20005B0B6B /* Sources */ = {
			isa = PBXSourcesBuildPhase;
			buildActionMask = 2147483647;
			files = (
				ED4969F2223BEB20005B0B6B /* weatherAppTests.swift in Sources */,
			);
			runOnlyForDeploymentPostprocessing = 0;
		};
/* End PBXSourcesBuildPhase section */

/* Begin PBXTargetDependency section */
		ED4969EF223BEB20005B0B6B /* PBXTargetDependency */ = {
			isa = PBXTargetDependency;
			target = ED4969D5223BEB1F005B0B6B /* weatherApp */;
			targetProxy = ED4969EE223BEB20005B0B6B /* PBXContainerItemProxy */;
		};
/* End PBXTargetDependency section */

/* Begin PBXVariantGroup section */
		ED4969DD223BEB1F005B0B6B /* Main.storyboard */ = {
			isa = PBXVariantGroup;
			children = (
				ED4969DE223BEB1F005B0B6B /* Base */,
			);
			name = Main.storyboard;
			sourceTree = "<group>";
		};
		ED4969E5223BEB20005B0B6B /* LaunchScreen.storyboard */ = {
			isa = PBXVariantGroup;
			children = (
				ED4969E6223BEB20005B0B6B /* Base */,
			);
			name = LaunchScreen.storyboard;
			sourceTree = "<group>";
		};
/* End PBXVariantGroup section */

/* Begin XCBuildConfiguration section */
		ED4969F4223BEB20005B0B6B /* Debug */ = {
			isa = XCBuildConfiguration;
			buildSettings = {
				ALWAYS_SEARCH_USER_PATHS = NO;
				CLANG_ANALYZER_NONNULL = YES;
				CLANG_ANALYZER_NUMBER_OBJECT_CONVERSION = YES_AGGRESSIVE;
				CLANG_CXX_LANGUAGE_STANDARD = "gnu++14";
				CLANG_CXX_LIBRARY = "libc++";
				CLANG_ENABLE_MODULES = YES;
				CLANG_ENABLE_OBJC_ARC = YES;
				CLANG_ENABLE_OBJC_WEAK = YES;
				CLANG_WARN_BLOCK_CAPTURE_AUTORELEASING = YES;
				CLANG_WARN_BOOL_CONVERSION = YES;
				CLANG_WARN_COMMA = YES;
				CLANG_WARN_CONSTANT_CONVERSION = YES;
				CLANG_WARN_DEPRECATED_OBJC_IMPLEMENTATIONS = YES;
				CLANG_WARN_DIRECT_OBJC_ISA_USAGE = YES_ERROR;
				CLANG_WARN_DOCUMENTATION_COMMENTS = YES;
				CLANG_WARN_EMPTY_BODY = YES;
				CLANG_WARN_ENUM_CONVERSION = YES;
				CLANG_WARN_INFINITE_RECURSION = YES;
				CLANG_WARN_INT_CONVERSION = YES;
				CLANG_WARN_NON_LITERAL_NULL_CONVERSION = YES;
				CLANG_WARN_OBJC_IMPLICIT_RETAIN_SELF = YES;
				CLANG_WARN_OBJC_LITERAL_CONVERSION = YES;
				CLANG_WARN_OBJC_ROOT_CLASS = YES_ERROR;
				CLANG_WARN_RANGE_LOOP_ANALYSIS = YES;
				CLANG_WARN_STRICT_PROTOTYPES = YES;
				CLANG_WARN_SUSPICIOUS_MOVE = YES;
				CLANG_WARN_UNGUARDED_AVAILABILITY = YES_AGGRESSIVE;
				CLANG_WARN_UNREACHABLE_CODE = YES;
				CLANG_WARN__DUPLICATE_METHOD_MATCH = YES;
				CODE_SIGN_IDENTITY = "iPhone Developer";
				COPY_PHASE_STRIP = NO;
				DEBUG_INFORMATION_FORMAT = dwarf;
				ENABLE_STRICT_OBJC_MSGSEND = YES;
				ENABLE_TESTABILITY = YES;
				GCC_C_LANGUAGE_STANDARD = gnu11;
				GCC_DYNAMIC_NO_PIC = NO;
				GCC_NO_COMMON_BLOCKS = YES;
				GCC_OPTIMIZATION_LEVEL = 0;
				GCC_PREPROCESSOR_DEFINITIONS = (
					"DEBUG=1",
					"$(inherited)",
				);
				GCC_WARN_64_TO_32_BIT_CONVERSION = YES;
				GCC_WARN_ABOUT_RETURN_TYPE = YES_ERROR;
				GCC_WARN_UNDECLARED_SELECTOR = YES;
				GCC_WARN_UNINITIALIZED_AUTOS = YES_AGGRESSIVE;
				GCC_WARN_UNUSED_FUNCTION = YES;
				GCC_WARN_UNUSED_VARIABLE = YES;
				IPHONEOS_DEPLOYMENT_TARGET = 12.1;
				MTL_ENABLE_DEBUG_INFO = INCLUDE_SOURCE;
				MTL_FAST_MATH = YES;
				ONLY_ACTIVE_ARCH = YES;
				SDKROOT = iphoneos;
				SWIFT_ACTIVE_COMPILATION_CONDITIONS = DEBUG;
				SWIFT_OPTIMIZATION_LEVEL = "-Onone";
			};
			name = Debug;
		};
		ED4969F5223BEB20005B0B6B /* Release */ = {
			isa = XCBuildConfiguration;
			buildSettings = {
				ALWAYS_SEARCH_USER_PATHS = NO;
				CLANG_ANALYZER_NONNULL = YES;
				CLANG_ANALYZER_NUMBER_OBJECT_CONVERSION = YES_AGGRESSIVE;
				CLANG_CXX_LANGUAGE_STANDARD = "gnu++14";
				CLANG_CXX_LIBRARY = "libc++";
				CLANG_ENABLE_MODULES = YES;
				CLANG_ENABLE_OBJC_ARC = YES;
				CLANG_ENABLE_OBJC_WEAK = YES;
				CLANG_WARN_BLOCK_CAPTURE_AUTORELEASING = YES;
				CLANG_WARN_BOOL_CONVERSION = YES;
				CLANG_WARN_COMMA = YES;
				CLANG_WARN_CONSTANT_CONVERSION = YES;
				CLANG_WARN_DEPRECATED_OBJC_IMPLEMENTATIONS = YES;
				CLANG_WARN_DIRECT_OBJC_ISA_USAGE = YES_ERROR;
				CLANG_WARN_DOCUMENTATION_COMMENTS = YES;
				CLANG_WARN_EMPTY_BODY = YES;
				CLANG_WARN_ENUM_CONVERSION = YES;
				CLANG_WARN_INFINITE_RECURSION = YES;
				CLANG_WARN_INT_CONVERSION = YES;
				CLANG_WARN_NON_LITERAL_NULL_CONVERSION = YES;
				CLANG_WARN_OBJC_IMPLICIT_RETAIN_SELF = YES;
				CLANG_WARN_OBJC_LITERAL_CONVERSION = YES;
				CLANG_WARN_OBJC_ROOT_CLASS = YES_ERROR;
				CLANG_WARN_RANGE_LOOP_ANALYSIS = YES;
				CLANG_WARN_STRICT_PROTOTYPES = YES;
				CLANG_WARN_SUSPICIOUS_MOVE = YES;
				CLANG_WARN_UNGUARDED_AVAILABILITY = YES_AGGRESSIVE;
				CLANG_WARN_UNREACHABLE_CODE = YES;
				CLANG_WARN__DUPLICATE_METHOD_MATCH = YES;
				CODE_SIGN_IDENTITY = "iPhone Developer";
				COPY_PHASE_STRIP = NO;
				DEBUG_INFORMATION_FORMAT = "dwarf-with-dsym";
				ENABLE_NS_ASSERTIONS = NO;
				ENABLE_STRICT_OBJC_MSGSEND = YES;
				GCC_C_LANGUAGE_STANDARD = gnu11;
				GCC_NO_COMMON_BLOCKS = YES;
				GCC_WARN_64_TO_32_BIT_CONVERSION = YES;
				GCC_WARN_ABOUT_RETURN_TYPE = YES_ERROR;
				GCC_WARN_UNDECLARED_SELECTOR = YES;
				GCC_WARN_UNINITIALIZED_AUTOS = YES_AGGRESSIVE;
				GCC_WARN_UNUSED_FUNCTION = YES;
				GCC_WARN_UNUSED_VARIABLE = YES;
				IPHONEOS_DEPLOYMENT_TARGET = 12.1;
				MTL_ENABLE_DEBUG_INFO = NO;
				MTL_FAST_MATH = YES;
				SDKROOT = iphoneos;
				SWIFT_COMPILATION_MODE = wholemodule;
				SWIFT_OPTIMIZATION_LEVEL = "-O";
				VALIDATE_PRODUCT = YES;
			};
			name = Release;
		};
		ED4969F7223BEB20005B0B6B /* Debug */ = {
			isa = XCBuildConfiguration;
			baseConfigurationReference = 0E88E8A9863D9DDFA94F63BB /* Pods-weatherApp.debug.xcconfig */;
			buildSettings = {
				ASSETCATALOG_COMPILER_APPICON_NAME = AppIcon;
				CODE_SIGN_STYLE = Automatic;
				INFOPLIST_FILE = weatherApp/Info.plist;
				LD_RUNPATH_SEARCH_PATHS = (
					"$(inherited)",
					"@executable_path/Frameworks",
				);
				PRODUCT_BUNDLE_IDENTIFIER = test.weatherApp;
				PRODUCT_NAME = "$(TARGET_NAME)";
				SWIFT_VERSION = 4.2;
				TARGETED_DEVICE_FAMILY = "1,2";
			};
			name = Debug;
		};
		ED4969F8223BEB20005B0B6B /* Release */ = {
			isa = XCBuildConfiguration;
			baseConfigurationReference = BF16D30722085C52354A0D00 /* Pods-weatherApp.release.xcconfig */;
			buildSettings = {
				ASSETCATALOG_COMPILER_APPICON_NAME = AppIcon;
				CODE_SIGN_STYLE = Automatic;
				INFOPLIST_FILE = weatherApp/Info.plist;
				LD_RUNPATH_SEARCH_PATHS = (
					"$(inherited)",
					"@executable_path/Frameworks",
				);
				PRODUCT_BUNDLE_IDENTIFIER = test.weatherApp;
				PRODUCT_NAME = "$(TARGET_NAME)";
				SWIFT_VERSION = 4.2;
				TARGETED_DEVICE_FAMILY = "1,2";
			};
			name = Release;
		};
		ED4969FA223BEB20005B0B6B /* Debug */ = {
			isa = XCBuildConfiguration;
			baseConfigurationReference = 2C25C7C1AD9732F4094E4BF4 /* Pods-weatherAppTests.debug.xcconfig */;
			buildSettings = {
				ALWAYS_EMBED_SWIFT_STANDARD_LIBRARIES = YES;
				BUNDLE_LOADER = "$(TEST_HOST)";
				CODE_SIGN_STYLE = Automatic;
				INFOPLIST_FILE = weatherAppTests/Info.plist;
				LD_RUNPATH_SEARCH_PATHS = (
					"$(inherited)",
					"@executable_path/Frameworks",
					"@loader_path/Frameworks",
				);
				PRODUCT_BUNDLE_IDENTIFIER = test.weatherAppTests;
				PRODUCT_NAME = "$(TARGET_NAME)";
				SWIFT_VERSION = 4.2;
				TARGETED_DEVICE_FAMILY = "1,2";
				TEST_HOST = "$(BUILT_PRODUCTS_DIR)/weatherApp.app/weatherApp";
			};
			name = Debug;
		};
		ED4969FB223BEB20005B0B6B /* Release */ = {
			isa = XCBuildConfiguration;
			baseConfigurationReference = F15B9EABBEE094C774222CCF /* Pods-weatherAppTests.release.xcconfig */;
			buildSettings = {
				ALWAYS_EMBED_SWIFT_STANDARD_LIBRARIES = YES;
				BUNDLE_LOADER = "$(TEST_HOST)";
				CODE_SIGN_STYLE = Automatic;
				INFOPLIST_FILE = weatherAppTests/Info.plist;
				LD_RUNPATH_SEARCH_PATHS = (
					"$(inherited)",
					"@executable_path/Frameworks",
					"@loader_path/Frameworks",
				);
				PRODUCT_BUNDLE_IDENTIFIER = test.weatherAppTests;
				PRODUCT_NAME = "$(TARGET_NAME)";
				SWIFT_VERSION = 4.2;
				TARGETED_DEVICE_FAMILY = "1,2";
				TEST_HOST = "$(BUILT_PRODUCTS_DIR)/weatherApp.app/weatherApp";
			};
			name = Release;
		};
/* End XCBuildConfiguration section */

/* Begin XCConfigurationList section */
		ED4969D1223BEB1F005B0B6B /* Build configuration list for PBXProject "weatherApp" */ = {
			isa = XCConfigurationList;
			buildConfigurations = (
				ED4969F4223BEB20005B0B6B /* Debug */,
				ED4969F5223BEB20005B0B6B /* Release */,
			);
			defaultConfigurationIsVisible = 0;
			defaultConfigurationName = Release;
		};
		ED4969F6223BEB20005B0B6B /* Build configuration list for PBXNativeTarget "weatherApp" */ = {
			isa = XCConfigurationList;
			buildConfigurations = (
				ED4969F7223BEB20005B0B6B /* Debug */,
				ED4969F8223BEB20005B0B6B /* Release */,
			);
			defaultConfigurationIsVisible = 0;
			defaultConfigurationName = Release;
		};
		ED4969F9223BEB20005B0B6B /* Build configuration list for PBXNativeTarget "weatherAppTests" */ = {
			isa = XCConfigurationList;
			buildConfigurations = (
				ED4969FA223BEB20005B0B6B /* Debug */,
				ED4969FB223BEB20005B0B6B /* Release */,
			);
			defaultConfigurationIsVisible = 0;
			defaultConfigurationName = Release;
		};
/* End XCConfigurationList section */

/* Begin XCVersionGroup section */
		ED4969E0223BEB1F005B0B6B /* weatherApp.xcdatamodeld */ = {
			isa = XCVersionGroup;
			children = (
				ED4969E1223BEB1F005B0B6B /* weatherApp.xcdatamodel */,
			);
			currentVersion = ED4969E1223BEB1F005B0B6B /* weatherApp.xcdatamodel */;
			path = weatherApp.xcdatamodeld;
			sourceTree = "<group>";
			versionGroupType = wrapper.xcdatamodel;
		};
/* End XCVersionGroup section */
	};
	rootObject = ED4969CE223BEB1F005B0B6B /* Project object */;
}
